{
  "version": 4,
  "terraform_version": "1.1.6",
  "serial": 5,
  "lineage": "7d296385-7345-42d9-d8b2-57f0c9880883",
  "outputs": {
    "external_ip_address_node01_yandex_cloud": {
      "value": "51.250.11.126",
      "type": "string"
    },
    "external_ip_address_node02_yandex_cloud": {
      "value": "51.250.11.126",
      "type": "string"
    },
    "internal_ip_address_node01_yandex_cloud": {
      "value": "192.168.101.12",
      "type": "string"
    },
    "internal_ip_address_node02_yandex_cloud": {
      "value": "192.168.101.12",
      "type": "string"
    }
  },
  "resources": [
    {
      "mode": "managed",
      "type": "yandex_compute_instance",
      "name": "node01",
      "provider": "provider[\"registry.terraform.io/yandex-cloud/yandex\"]",
      "instances": [
        {
          "schema_version": 1,
          "attributes": {
            "allow_stopping_for_update": true,
            "boot_disk": [
              {
                "auto_delete": true,
                "device_name": "fhmc2g4s32vuo807gg6e",
                "disk_id": "fhmc2g4s32vuo807gg6e",
                "initialize_params": [
                  {
                    "block_size": 4096,
                    "description": "",
                    "image_id": "fd8m6hlpegnm9gsu5qnn",
                    "name": "root-node01",
                    "size": 50,
                    "snapshot_id": "",
                    "type": "network-ssd"
                  }
                ],
                "mode": "READ_WRITE"
              }
            ],
            "created_at": "2022-02-27T20:34:44Z",
            "description": "",
            "folder_id": "b1g1acekav76h07m2gko",
            "fqdn": "node01.netology.cloud",
            "hostname": "node01",
            "id": "fhmf50pkf0389la87aj2",
            "labels": null,
            "metadata": {
              "ssh-keys": "centos:ssh-rsa AAAAB3NzaC1yc2EAAAADAQABAAACAQDW6NUDQRPMEDkpBy1q8QJaY1J1h88q7B2voST9Wi8H+BS3510dcsaXOEDeg9FkHriqpbSujKdJyqONHfv1+wBj+nnk6i07OoW5XOtcwTzRisLyMXisqR7jYvlHoeIVi2Fn1Iqmo3CkiMQfiIz59g4NE5a0+khvhZEJgEykIMhEeVJfvlIB5qu0nL2yEsU+Fj8rPuIuBf13WaSBpC9IDKI0sa5YUacg/0Wer8BIcBuZ4XaRcECg67WoX66IVNb/n8XJkdrPMVNlywkanTcw88mQjdcsyZCJhZIUVwzGAI9smO2O0Vg9eYcP7COOrIYfQt1GvMeXVpVjyw1BlVjtR1KC0o4cIcPQu8bKwroTojhBr1zZgMuvuT5lT+8RJy/dGU0BiNWiMV0Tktu1j6SeNgyXTxlns9q6mJFzBapdY+0G/PrBWF2RoxCYmllpdGHACffZnrwqjTjQdGSdsibuJ9rxvYhy9LSseGUaTJNC0+Np0EYo0gTkbD0qqffIM8dMxOxtGx4+1UPsN2otVzk3BzrF9EkHOmu3B1V2bUMUMkGtXohjIJQOgJTqWKbv1nmgo6kgO6fjK6U3h78divSRf0prrlcJzuctePOluUCTa7+15+q57j5CfF/rF1ZeZUUplrWdHdB+OH6/jTthHJVY/CeS1sgP7puRZOY+oY61Ec8FNQ== vagrant\n"
            },
            "name": "node01",
            "network_acceleration_type": "standard",
            "network_interface": [
              {
                "dns_record": [],
                "index": 0,
                "ip_address": "192.168.101.12",
                "ipv4": true,
                "ipv6": false,
                "ipv6_address": "",
                "ipv6_dns_record": [],
                "mac_address": "d0:0d:f2:83:34:78",
                "nat": true,
                "nat_dns_record": [],
                "nat_ip_address": "51.250.11.126",
                "nat_ip_version": "IPV4",
                "security_group_ids": [],
                "subnet_id": "e9bmmoior4htqc89q40o"
              }
            ],
            "placement_policy": [
              {
                "placement_group_id": ""
              }
            ],
            "platform_id": "standard-v1",
            "resources": [
              {
                "core_fraction": 100,
                "cores": 8,
                "gpus": 0,
                "memory": 8
              }
            ],
            "scheduling_policy": [
              {
                "preemptible": false
              }
            ],
            "secondary_disk": [],
            "service_account_id": "",
            "status": "running",
            "timeouts": null,
            "zone": "ru-central1-a"
          },
          "sensitive_attributes": [],
          "private": "eyJlMmJmYjczMC1lY2FhLTExZTYtOGY4OC0zNDM2M2JjN2M0YzAiOnsiY3JlYXRlIjozMDAwMDAwMDAwMDAsImRlbGV0ZSI6MzAwMDAwMDAwMDAwLCJ1cGRhdGUiOjMwMDAwMDAwMDAwMH0sInNjaGVtYV92ZXJzaW9uIjoiMSJ9",
          "dependencies": [
            "yandex_vpc_network.default",
            "yandex_vpc_subnet.default"
          ]
        }
      ]
    },
    {
      "mode": "managed",
      "type": "yandex_compute_instance",
      "name": "node02",
      "provider": "provider[\"registry.terraform.io/yandex-cloud/yandex\"]",
      "instances": [
        {
          "schema_version": 1,
          "attributes": {
            "allow_stopping_for_update": true,
            "boot_disk": [
              {
                "auto_delete": true,
                "device_name": "fhmapn0l1vqe7hcvunta",
                "disk_id": "fhmapn0l1vqe7hcvunta",
                "initialize_params": [
                  {
                    "block_size": 4096,
                    "description": "",
                    "image_id": "fd8m6hlpegnm9gsu5qnn",
                    "name": "root-node02",
                    "size": 50,
                    "snapshot_id": "",
                    "type": "network-ssd"
                  }
                ],
                "mode": "READ_WRITE"
              }
            ],
            "created_at": "2022-02-27T20:34:44Z",
            "description": "",
            "folder_id": "b1g1acekav76h07m2gko",
            "fqdn": "node02.netology.cloud",
            "hostname": "node02",
            "id": "fhm213c4kdra9h1d099c",
            "labels": null,
            "metadata": {
              "ssh-keys": "centos:ssh-rsa AAAAB3NzaC1yc2EAAAADAQABAAACAQDW6NUDQRPMEDkpBy1q8QJaY1J1h88q7B2voST9Wi8H+BS3510dcsaXOEDeg9FkHriqpbSujKdJyqONHfv1+wBj+nnk6i07OoW5XOtcwTzRisLyMXisqR7jYvlHoeIVi2Fn1Iqmo3CkiMQfiIz59g4NE5a0+khvhZEJgEykIMhEeVJfvlIB5qu0nL2yEsU+Fj8rPuIuBf13WaSBpC9IDKI0sa5YUacg/0Wer8BIcBuZ4XaRcECg67WoX66IVNb/n8XJkdrPMVNlywkanTcw88mQjdcsyZCJhZIUVwzGAI9smO2O0Vg9eYcP7COOrIYfQt1GvMeXVpVjyw1BlVjtR1KC0o4cIcPQu8bKwroTojhBr1zZgMuvuT5lT+8RJy/dGU0BiNWiMV0Tktu1j6SeNgyXTxlns9q6mJFzBapdY+0G/PrBWF2RoxCYmllpdGHACffZnrwqjTjQdGSdsibuJ9rxvYhy9LSseGUaTJNC0+Np0EYo0gTkbD0qqffIM8dMxOxtGx4+1UPsN2otVzk3BzrF9EkHOmu3B1V2bUMUMkGtXohjIJQOgJTqWKbv1nmgo6kgO6fjK6U3h78divSRf0prrlcJzuctePOluUCTa7+15+q57j5CfF/rF1ZeZUUplrWdHdB+OH6/jTthHJVY/CeS1sgP7puRZOY+oY61Ec8FNQ== vagrant\n"
            },
            "name": "node02",
            "network_acceleration_type": "standard",
            "network_interface": [
              {
                "dns_record": [],
                "index": 0,
                "ip_address": "192.168.101.13",
                "ipv4": true,
                "ipv6": false,
                "ipv6_address": "",
                "ipv6_dns_record": [],
                "mac_address": "d0:0d:20:8d:84:a3",
                "nat": true,
                "nat_dns_record": [],
                "nat_ip_address": "51.250.13.22",
                "nat_ip_version": "IPV4",
                "security_group_ids": [],
                "subnet_id": "e9bmmoior4htqc89q40o"
              }
            ],
            "placement_policy": [
              {
                "placement_group_id": ""
              }
            ],
            "platform_id": "standard-v1",
            "resources": [
              {
                "core_fraction": 100,
                "cores": 8,
                "gpus": 0,
                "memory": 8
              }
            ],
            "scheduling_policy": [
              {
                "preemptible": false
              }
            ],
            "secondary_disk": [],
            "service_account_id": "",
            "status": "running",
            "timeouts": null,
            "zone": "ru-central1-a"
          },
          "sensitive_attributes": [],
          "private": "eyJlMmJmYjczMC1lY2FhLTExZTYtOGY4OC0zNDM2M2JjN2M0YzAiOnsiY3JlYXRlIjozMDAwMDAwMDAwMDAsImRlbGV0ZSI6MzAwMDAwMDAwMDAwLCJ1cGRhdGUiOjMwMDAwMDAwMDAwMH0sInNjaGVtYV92ZXJzaW9uIjoiMSJ9",
          "dependencies": [
            "yandex_vpc_network.default",
            "yandex_vpc_subnet.default"
          ]
        }
      ]
    },
    {
      "mode": "managed",
      "type": "yandex_vpc_network",
      "name": "default",
      "provider": "provider[\"registry.terraform.io/yandex-cloud/yandex\"]",
      "instances": [
        {
          "schema_version": 0,
          "attributes": {
            "created_at": "2022-02-27T20:34:42Z",
            "default_security_group_id": "",
            "description": "",
            "folder_id": "b1g1acekav76h07m2gko",
            "id": "enpkvd16hmogvenhdvdf",
            "labels": {},
            "name": "net",
            "subnet_ids": [],
            "timeouts": null
          },
          "sensitive_attributes": [],
          "private": "eyJlMmJmYjczMC1lY2FhLTExZTYtOGY4OC0zNDM2M2JjN2M0YzAiOnsiY3JlYXRlIjo2MDAwMDAwMDAwMCwiZGVsZXRlIjo2MDAwMDAwMDAwMCwidXBkYXRlIjo2MDAwMDAwMDAwMH19"
        }
      ]
    },
    {
      "mode": "managed",
      "type": "yandex_vpc_subnet",
      "name": "default",
      "provider": "provider[\"registry.terraform.io/yandex-cloud/yandex\"]",
      "instances": [
        {
          "schema_version": 0,
          "attributes": {
            "created_at": "2022-02-27T20:34:43Z",
            "description": "",
            "dhcp_options": [],
            "folder_id": "b1g1acekav76h07m2gko",
            "id": "e9bmmoior4htqc89q40o",
            "labels": {},
            "name": "subnet",
            "network_id": "enpkvd16hmogvenhdvdf",
            "route_table_id": "",
            "timeouts": null,
            "v4_cidr_blocks": [
              "192.168.101.0/24"
            ],
            "v6_cidr_blocks": [],
            "zone": "ru-central1-a"
          },
          "sensitive_attributes": [],
          "private": "eyJlMmJmYjczMC1lY2FhLTExZTYtOGY4OC0zNDM2M2JjN2M0YzAiOnsiY3JlYXRlIjoxODAwMDAwMDAwMDAsImRlbGV0ZSI6MTgwMDAwMDAwMDAwLCJ1cGRhdGUiOjE4MDAwMDAwMDAwMH19",
          "dependencies": [
            "yandex_vpc_network.default"
          ]
        }
      ]
    }
  ]
}
